// !$*UTF8*$!
{
	archiveVersion = 1;
	classes = {
	};
	objectVersion = 46;
	objects = {

/* Begin PBXBuildFile section */
		D00877D01970AC2200C91792 /* IntExtension.swift in Sources */ = {isa = PBXBuildFile; fileRef = D00877CF1970AC2200C91792 /* IntExtension.swift */; };
		D00877D21970AD6900C91792 /* SoundResource.swift in Sources */ = {isa = PBXBuildFile; fileRef = D00877D11970AD6900C91792 /* SoundResource.swift */; };
		D0201336195942370072A084 /* Colors.swift in Sources */ = {isa = PBXBuildFile; fileRef = D0201335195942370072A084 /* Colors.swift */; };
		D04574B2195F2D700047040E /* PomodoroMode.swift in Sources */ = {isa = PBXBuildFile; fileRef = D04574B1195F2D700047040E /* PomodoroMode.swift */; };
		D0A851FB195134AC0004A4A2 /* AppDelegate.swift in Sources */ = {isa = PBXBuildFile; fileRef = D0A851FA195134AC0004A4A2 /* AppDelegate.swift */; };
		D0A851FD195134AC0004A4A2 /* TimerViewController.swift in Sources */ = {isa = PBXBuildFile; fileRef = D0A851FC195134AC0004A4A2 /* TimerViewController.swift */; };
		D0A85200195134AC0004A4A2 /* Main.storyboard in Resources */ = {isa = PBXBuildFile; fileRef = D0A851FE195134AC0004A4A2 /* Main.storyboard */; };
		D0A85202195134AC0004A4A2 /* Images.xcassets in Resources */ = {isa = PBXBuildFile; fileRef = D0A85201195134AC0004A4A2 /* Images.xcassets */; };
		D0A8520E195134AC0004A4A2 /* ZoneHelperTests.swift in Sources */ = {isa = PBXBuildFile; fileRef = D0A8520D195134AC0004A4A2 /* ZoneHelperTests.swift */; };
		D0A85218195142780004A4A2 /* OptionsViewController.swift in Sources */ = {isa = PBXBuildFile; fileRef = D0A85217195142780004A4A2 /* OptionsViewController.swift */; };
		D0A8521A19517B540004A4A2 /* PomodoroState.swift in Sources */ = {isa = PBXBuildFile; fileRef = D0A8521919517B540004A4A2 /* PomodoroState.swift */; };
		D0E1648719673CD50061EFFA /* settings_filled-50.png in Resources */ = {isa = PBXBuildFile; fileRef = D0E1648619673CD50061EFFA /* settings_filled-50.png */; };
/* End PBXBuildFile section */

/* Begin PBXContainerItemProxy section */
		D0A85208195134AC0004A4A2 /* PBXContainerItemProxy */ = {
			isa = PBXContainerItemProxy;
			containerPortal = D0A851ED195134AC0004A4A2 /* Project object */;
			proxyType = 1;
			remoteGlobalIDString = D0A851F4195134AC0004A4A2;
			remoteInfo = MauiPomodoro;
		};
/* End PBXContainerItemProxy section */

/* Begin PBXFileReference section */
		D00877CF1970AC2200C91792 /* IntExtension.swift */ = {isa = PBXFileReference; fileEncoding = 4; lastKnownFileType = sourcecode.swift; path = IntExtension.swift; sourceTree = "<group>"; };
		D00877D11970AD6900C91792 /* SoundResource.swift */ = {isa = PBXFileReference; fileEncoding = 4; lastKnownFileType = sourcecode.swift; path = SoundResource.swift; sourceTree = "<group>"; };
		D0201335195942370072A084 /* Colors.swift */ = {isa = PBXFileReference; fileEncoding = 4; lastKnownFileType = sourcecode.swift; path = Colors.swift; sourceTree = "<group>"; };
		D0201339195E38DF0072A084 /* ZoneHelper.entitlements */ = {isa = PBXFileReference; lastKnownFileType = text.xml; path = ZoneHelper.entitlements; sourceTree = "<group>"; };
		D04574B1195F2D700047040E /* PomodoroMode.swift */ = {isa = PBXFileReference; fileEncoding = 4; lastKnownFileType = sourcecode.swift; path = PomodoroMode.swift; sourceTree = "<group>"; };
		D0A851F5195134AC0004A4A2 /* ZoneHelper.app */ = {isa = PBXFileReference; explicitFileType = wrapper.application; includeInIndex = 0; path = ZoneHelper.app; sourceTree = BUILT_PRODUCTS_DIR; };
		D0A851F9195134AC0004A4A2 /* Info.plist */ = {isa = PBXFileReference; lastKnownFileType = text.plist.xml; path = Info.plist; sourceTree = "<group>"; };
		D0A851FA195134AC0004A4A2 /* AppDelegate.swift */ = {isa = PBXFileReference; lastKnownFileType = sourcecode.swift; path = AppDelegate.swift; sourceTree = "<group>"; };
		D0A851FC195134AC0004A4A2 /* TimerViewController.swift */ = {isa = PBXFileReference; lastKnownFileType = sourcecode.swift; path = TimerViewController.swift; sourceTree = "<group>"; };
		D0A851FF195134AC0004A4A2 /* Base */ = {isa = PBXFileReference; lastKnownFileType = file.storyboard; name = Base; path = Base.lproj/Main.storyboard; sourceTree = "<group>"; };
		D0A85201195134AC0004A4A2 /* Images.xcassets */ = {isa = PBXFileReference; lastKnownFileType = folder.assetcatalog; path = Images.xcassets; sourceTree = "<group>"; };
		D0A85207195134AC0004A4A2 /* ZoneHelperTests.xctest */ = {isa = PBXFileReference; explicitFileType = wrapper.cfbundle; includeInIndex = 0; path = ZoneHelperTests.xctest; sourceTree = BUILT_PRODUCTS_DIR; };
		D0A8520C195134AC0004A4A2 /* Info.plist */ = {isa = PBXFileReference; lastKnownFileType = text.plist.xml; path = Info.plist; sourceTree = "<group>"; };
		D0A8520D195134AC0004A4A2 /* ZoneHelperTests.swift */ = {isa = PBXFileReference; lastKnownFileType = sourcecode.swift; path = ZoneHelperTests.swift; sourceTree = "<group>"; };
		D0A85217195142780004A4A2 /* OptionsViewController.swift */ = {isa = PBXFileReference; fileEncoding = 4; lastKnownFileType = sourcecode.swift; path = OptionsViewController.swift; sourceTree = "<group>"; };
		D0A8521919517B540004A4A2 /* PomodoroState.swift */ = {isa = PBXFileReference; fileEncoding = 4; lastKnownFileType = sourcecode.swift; path = PomodoroState.swift; sourceTree = "<group>"; };
		D0E1648619673CD50061EFFA /* settings_filled-50.png */ = {isa = PBXFileReference; lastKnownFileType = image.png; path = "settings_filled-50.png"; sourceTree = "<group>"; };
/* End PBXFileReference section */

/* Begin PBXFrameworksBuildPhase section */
		D0A851F2195134AC0004A4A2 /* Frameworks */ = {
			isa = PBXFrameworksBuildPhase;
			buildActionMask = 2147483647;
			files = (
			);
			runOnlyForDeploymentPostprocessing = 0;
		};
		D0A85204195134AC0004A4A2 /* Frameworks */ = {
			isa = PBXFrameworksBuildPhase;
			buildActionMask = 2147483647;
			files = (
			);
			runOnlyForDeploymentPostprocessing = 0;
		};
/* End PBXFrameworksBuildPhase section */

/* Begin PBXGroup section */
		D00877CE1970AC0200C91792 /* extensions */ = {
			isa = PBXGroup;
			children = (
				D00877CF1970AC2200C91792 /* IntExtension.swift */,
			);
			name = extensions;
			sourceTree = "<group>";
		};
		D0A851EC195134AC0004A4A2 = {
			isa = PBXGroup;
			children = (
				D0A851F7195134AC0004A4A2 /* ZoneHelper */,
				D0A8520A195134AC0004A4A2 /* ZoneHelperTests */,
				D0A851F6195134AC0004A4A2 /* Products */,
			);
			sourceTree = "<group>";
		};
		D0A851F6195134AC0004A4A2 /* Products */ = {
			isa = PBXGroup;
			children = (
				D0A851F5195134AC0004A4A2 /* ZoneHelper.app */,
				D0A85207195134AC0004A4A2 /* ZoneHelperTests.xctest */,
			);
			name = Products;
			sourceTree = "<group>";
		};
		D0A851F7195134AC0004A4A2 /* ZoneHelper */ = {
			isa = PBXGroup;
			children = (
				D00877CE1970AC0200C91792 /* extensions */,
				D0E1648619673CD50061EFFA /* settings_filled-50.png */,
				D0201339195E38DF0072A084 /* ZoneHelper.entitlements */,
				D0A851FA195134AC0004A4A2 /* AppDelegate.swift */,
				D0A851FC195134AC0004A4A2 /* TimerViewController.swift */,
				D0A85217195142780004A4A2 /* OptionsViewController.swift */,
				D0A851FE195134AC0004A4A2 /* Main.storyboard */,
				D0A8521919517B540004A4A2 /* PomodoroState.swift */,
				D0A85201195134AC0004A4A2 /* Images.xcassets */,
				D0A851F8195134AC0004A4A2 /* Supporting Files */,
				D0201335195942370072A084 /* Colors.swift */,
				D04574B1195F2D700047040E /* PomodoroMode.swift */,
				D00877D11970AD6900C91792 /* SoundResource.swift */,
			);
			name = ZoneHelper;
			path = MauiPomodoro;
			sourceTree = "<group>";
		};
		D0A851F8195134AC0004A4A2 /* Supporting Files */ = {
			isa = PBXGroup;
			children = (
				D0A851F9195134AC0004A4A2 /* Info.plist */,
			);
			name = "Supporting Files";
			sourceTree = "<group>";
		};
		D0A8520A195134AC0004A4A2 /* ZoneHelperTests */ = {
			isa = PBXGroup;
			children = (
				D0A8520D195134AC0004A4A2 /* ZoneHelperTests.swift */,
				D0A8520B195134AC0004A4A2 /* Supporting Files */,
			);
			name = ZoneHelperTests;
			path = MauiPomodoroTests;
			sourceTree = "<group>";
		};
		D0A8520B195134AC0004A4A2 /* Supporting Files */ = {
			isa = PBXGroup;
			children = (
				D0A8520C195134AC0004A4A2 /* Info.plist */,
			);
			name = "Supporting Files";
			sourceTree = "<group>";
		};
/* End PBXGroup section */

/* Begin PBXNativeTarget section */
		D0A851F4195134AC0004A4A2 /* ZoneHelper */ = {
			isa = PBXNativeTarget;
			buildConfigurationList = D0A85211195134AC0004A4A2 /* Build configuration list for PBXNativeTarget "ZoneHelper" */;
			buildPhases = (
				D0A851F1195134AC0004A4A2 /* Sources */,
				D0A851F2195134AC0004A4A2 /* Frameworks */,
				D0A851F3195134AC0004A4A2 /* Resources */,
			);
			buildRules = (
			);
			dependencies = (
			);
			name = ZoneHelper;
			productName = MauiPomodoro;
			productReference = D0A851F5195134AC0004A4A2 /* ZoneHelper.app */;
			productType = "com.apple.product-type.application";
		};
		D0A85206195134AC0004A4A2 /* ZoneHelperTests */ = {
			isa = PBXNativeTarget;
			buildConfigurationList = D0A85214195134AC0004A4A2 /* Build configuration list for PBXNativeTarget "ZoneHelperTests" */;
			buildPhases = (
				D0A85203195134AC0004A4A2 /* Sources */,
				D0A85204195134AC0004A4A2 /* Frameworks */,
				D0A85205195134AC0004A4A2 /* Resources */,
			);
			buildRules = (
			);
			dependencies = (
				D0A85209195134AC0004A4A2 /* PBXTargetDependency */,
			);
			name = ZoneHelperTests;
			productName = MauiPomodoroTests;
			productReference = D0A85207195134AC0004A4A2 /* ZoneHelperTests.xctest */;
			productType = "com.apple.product-type.bundle.unit-test";
		};
/* End PBXNativeTarget section */

/* Begin PBXProject section */
		D0A851ED195134AC0004A4A2 /* Project object */ = {
			isa = PBXProject;
			attributes = {
				LastUpgradeCheck = 0600;
				ORGANIZATIONNAME = "Justin Gordon";
				TargetAttributes = {
					D0A851F4195134AC0004A4A2 = {
						CreatedOnToolsVersion = 6.0;
						DevelopmentTeam = 6X96472YF2;
						SystemCapabilities = {
							com.apple.InterAppAudio = {
								enabled = 0;
							};
						};
					};
					D0A85206195134AC0004A4A2 = {
						CreatedOnToolsVersion = 6.0;
						TestTargetID = D0A851F4195134AC0004A4A2;
					};
				};
			};
			buildConfigurationList = D0A851F0195134AC0004A4A2 /* Build configuration list for PBXProject "ZoneHelper" */;
			compatibilityVersion = "Xcode 3.2";
			developmentRegion = English;
			hasScannedForEncodings = 0;
			knownRegions = (
				en,
				Base,
			);
			mainGroup = D0A851EC195134AC0004A4A2;
			productRefGroup = D0A851F6195134AC0004A4A2 /* Products */;
			projectDirPath = "";
			projectRoot = "";
			targets = (
				D0A851F4195134AC0004A4A2 /* ZoneHelper */,
				D0A85206195134AC0004A4A2 /* ZoneHelperTests */,
			);
		};
/* End PBXProject section */

/* Begin PBXResourcesBuildPhase section */
		D0A851F3195134AC0004A4A2 /* Resources */ = {
			isa = PBXResourcesBuildPhase;
			buildActionMask = 2147483647;
			files = (
				D0E1648719673CD50061EFFA /* settings_filled-50.png in Resources */,
				D0A85200195134AC0004A4A2 /* Main.storyboard in Resources */,
				D0A85202195134AC0004A4A2 /* Images.xcassets in Resources */,
			);
			runOnlyForDeploymentPostprocessing = 0;
		};
		D0A85205195134AC0004A4A2 /* Resources */ = {
			isa = PBXResourcesBuildPhase;
			buildActionMask = 2147483647;
			files = (
			);
			runOnlyForDeploymentPostprocessing = 0;
		};
/* End PBXResourcesBuildPhase section */

/* Begin PBXSourcesBuildPhase section */
		D0A851F1195134AC0004A4A2 /* Sources */ = {
			isa = PBXSourcesBuildPhase;
			buildActionMask = 2147483647;
			files = (
				D0A85218195142780004A4A2 /* OptionsViewController.swift in Sources */,
				D0201336195942370072A084 /* Colors.swift in Sources */,
				D00877D01970AC2200C91792 /* IntExtension.swift in Sources */,
				D00877D21970AD6900C91792 /* SoundResource.swift in Sources */,
				D0A851FD195134AC0004A4A2 /* TimerViewController.swift in Sources */,
				D04574B2195F2D700047040E /* PomodoroMode.swift in Sources */,
				D0A8521A19517B540004A4A2 /* PomodoroState.swift in Sources */,
				D0A851FB195134AC0004A4A2 /* AppDelegate.swift in Sources */,
			);
			runOnlyForDeploymentPostprocessing = 0;
		};
		D0A85203195134AC0004A4A2 /* Sources */ = {
			isa = PBXSourcesBuildPhase;
			buildActionMask = 2147483647;
			files = (
				D0A8520E195134AC0004A4A2 /* ZoneHelperTests.swift in Sources */,
			);
			runOnlyForDeploymentPostprocessing = 0;
		};
/* End PBXSourcesBuildPhase section */

/* Begin PBXTargetDependency section */
		D0A85209195134AC0004A4A2 /* PBXTargetDependency */ = {
			isa = PBXTargetDependency;
			target = D0A851F4195134AC0004A4A2 /* ZoneHelper */;
			targetProxy = D0A85208195134AC0004A4A2 /* PBXContainerItemProxy */;
		};
/* End PBXTargetDependency section */

/* Begin PBXVariantGroup section */
		D0A851FE195134AC0004A4A2 /* Main.storyboard */ = {
			isa = PBXVariantGroup;
			children = (
				D0A851FF195134AC0004A4A2 /* Base */,
			);
			name = Main.storyboard;
			sourceTree = "<group>";
		};
/* End PBXVariantGroup section */

/* Begin XCBuildConfiguration section */
		D0A8520F195134AC0004A4A2 /* Debug */ = {
			isa = XCBuildConfiguration;
			buildSettings = {
				ALWAYS_SEARCH_USER_PATHS = NO;
				CLANG_CXX_LANGUAGE_STANDARD = "gnu++0x";
				CLANG_CXX_LIBRARY = "libc++";
				CLANG_ENABLE_MODULES = YES;
				CLANG_ENABLE_OBJC_ARC = YES;
				CLANG_WARN_BOOL_CONVERSION = YES;
				CLANG_WARN_CONSTANT_CONVERSION = YES;
				CLANG_WARN_DIRECT_OBJC_ISA_USAGE = YES_ERROR;
				CLANG_WARN_EMPTY_BODY = YES;
				CLANG_WARN_ENUM_CONVERSION = YES;
				CLANG_WARN_INT_CONVERSION = YES;
				CLANG_WARN_OBJC_ROOT_CLASS = YES_ERROR;
				CLANG_WARN_UNREACHABLE_CODE = YES;
				CLANG_WARN__DUPLICATE_METHOD_MATCH = YES;
				"CODE_SIGN_IDENTITY[sdk=iphoneos*]" = "iPhone Developer";
				COPY_PHASE_STRIP = NO;
				ENABLE_STRICT_OBJC_MSGSEND = YES;
				GCC_C_LANGUAGE_STANDARD = gnu99;
				GCC_DYNAMIC_NO_PIC = NO;
				GCC_OPTIMIZATION_LEVEL = 0;
				GCC_PREPROCESSOR_DEFINITIONS = (
					"DEBUG=1",
					"$(inherited)",
				);
				GCC_SYMBOLS_PRIVATE_EXTERN = NO;
				GCC_WARN_64_TO_32_BIT_CONVERSION = YES;
				GCC_WARN_ABOUT_RETURN_TYPE = YES_ERROR;
				GCC_WARN_UNDECLARED_SELECTOR = YES;
				GCC_WARN_UNINITIALIZED_AUTOS = YES_AGGRESSIVE;
				GCC_WARN_UNUSED_FUNCTION = YES;
				GCC_WARN_UNUSED_VARIABLE = YES;
				IPHONEOS_DEPLOYMENT_TARGET = 8.0;
				METAL_ENABLE_DEBUG_INFO = YES;
				ONLY_ACTIVE_ARCH = YES;
				SDKROOT = iphoneos;
				SWIFT_OPTIMIZATION_LEVEL = "-Onone";
				TARGETED_DEVICE_FAMILY = "1,2";
			};
			name = Debug;
		};
		D0A85210195134AC0004A4A2 /* Release */ = {
			isa = XCBuildConfiguration;
			buildSettings = {
				ALWAYS_SEARCH_USER_PATHS = NO;
				CLANG_CXX_LANGUAGE_STANDARD = "gnu++0x";
				CLANG_CXX_LIBRARY = "libc++";
				CLANG_ENABLE_MODULES = YES;
				CLANG_ENABLE_OBJC_ARC = YES;
				CLANG_WARN_BOOL_CONVERSION = YES;
				CLANG_WARN_CONSTANT_CONVERSION = YES;
				CLANG_WARN_DIRECT_OBJC_ISA_USAGE = YES_ERROR;
				CLANG_WARN_EMPTY_BODY = YES;
				CLANG_WARN_ENUM_CONVERSION = YES;
				CLANG_WARN_INT_CONVERSION = YES;
				CLANG_WARN_OBJC_ROOT_CLASS = YES_ERROR;
				CLANG_WARN_UNREACHABLE_CODE = YES;
				CLANG_WARN__DUPLICATE_METHOD_MATCH = YES;
				"CODE_SIGN_IDENTITY[sdk=iphoneos*]" = "iPhone Developer";
				COPY_PHASE_STRIP = YES;
				ENABLE_NS_ASSERTIONS = NO;
				ENABLE_STRICT_OBJC_MSGSEND = YES;
				GCC_C_LANGUAGE_STANDARD = gnu99;
				GCC_WARN_64_TO_32_BIT_CONVERSION = YES;
				GCC_WARN_ABOUT_RETURN_TYPE = YES_ERROR;
				GCC_WARN_UNDECLARED_SELECTOR = YES;
				GCC_WARN_UNINITIALIZED_AUTOS = YES_AGGRESSIVE;
				GCC_WARN_UNUSED_FUNCTION = YES;
				GCC_WARN_UNUSED_VARIABLE = YES;
				IPHONEOS_DEPLOYMENT_TARGET = 8.0;
				METAL_ENABLE_DEBUG_INFO = NO;
				SDKROOT = iphoneos;
				TARGETED_DEVICE_FAMILY = "1,2";
				VALIDATE_PRODUCT = YES;
			};
			name = Release;
		};
		D0A85212195134AC0004A4A2 /* Debug */ = {
			isa = XCBuildConfiguration;
			buildSettings = {
				ASSETCATALOG_COMPILER_APPICON_NAME = AppIcon;
				ASSETCATALOG_COMPILER_LAUNCHIMAGE_NAME = LaunchImage;
				CODE_SIGN_IDENTITY = "iPhone Developer";
				"CODE_SIGN_IDENTITY[sdk=iphoneos*]" = "iPhone Developer";
				INFOPLIST_FILE = MauiPomodoro/Info.plist;
				IPHONEOS_DEPLOYMENT_TARGET = 7.0;
				LD_RUNPATH_SEARCH_PATHS = "$(inherited) @executable_path/Frameworks";
				PRODUCT_NAME = ZoneHelper;
				PROVISIONING_PROFILE = "";
				TARGETED_DEVICE_FAMILY = "1,2";
			};
			name = Debug;
		};
		D0A85213195134AC0004A4A2 /* Release */ = {
			isa = XCBuildConfiguration;
			buildSettings = {
				ASSETCATALOG_COMPILER_APPICON_NAME = AppIcon;
				ASSETCATALOG_COMPILER_LAUNCHIMAGE_NAME = LaunchImage;
				CODE_SIGN_IDENTITY = "iPhone Developer";
				"CODE_SIGN_IDENTITY[sdk=iphoneos*]" = "iPhone Developer";
				INFOPLIST_FILE = MauiPomodoro/Info.plist;
				IPHONEOS_DEPLOYMENT_TARGET = 7.0;
				LD_RUNPATH_SEARCH_PATHS = "$(inherited) @executable_path/Frameworks";
				PRODUCT_NAME = ZoneHelper;
				PROVISIONING_PROFILE = "";
				TARGETED_DEVICE_FAMILY = "1,2";
			};
			name = Release;
		};
		D0A85215195134AC0004A4A2 /* Debug */ = {
			isa = XCBuildConfiguration;
			buildSettings = {
				BUNDLE_LOADER = "$(TEST_HOST)";
				FRAMEWORK_SEARCH_PATHS = (
					"$(SDKROOT)/Developer/Library/Frameworks",
					"$(inherited)",
				);
				GCC_PREPROCESSOR_DEFINITIONS = (
					"DEBUG=1",
					"$(inherited)",
				);
				INFOPLIST_FILE = MauiPomodoroTests/Info.plist;
				LD_RUNPATH_SEARCH_PATHS = "$(inherited) @executable_path/Frameworks @loader_path/Frameworks";
				METAL_ENABLE_DEBUG_INFO = YES;
				PRODUCT_NAME = ZoneHelperTests;
				TEST_HOST = "$(BUILT_PRODUCTS_DIR)/ZoneHelper.app/ZoneHelper";
			};
			name = Debug;
		};
		D0A85216195134AC0004A4A2 /* Release */ = {
			isa = XCBuildConfiguration;
			buildSettings = {
				BUNDLE_LOADER = "$(TEST_HOST)";
				FRAMEWORK_SEARCH_PATHS = (
					"$(SDKROOT)/Developer/Library/Frameworks",
					"$(inherited)",
				);
				INFOPLIST_FILE = MauiPomodoroTests/Info.plist;
				LD_RUNPATH_SEARCH_PATHS = "$(inherited) @executable_path/Frameworks @loader_path/Frameworks";
				METAL_ENABLE_DEBUG_INFO = NO;
				PRODUCT_NAME = ZoneHelperTests;
				TEST_HOST = "$(BUILT_PRODUCTS_DIR)/ZoneHelper.app/ZoneHelper";
			};
			name = Release;
		};
/* End XCBuildConfiguration section */

/* Begin XCConfigurationList section */
		D0A851F0195134AC0004A4A2 /* Build configuration list for PBXProject "ZoneHelper" */ = {
			isa = XCConfigurationList;
			buildConfigurations = (
				D0A8520F195134AC0004A4A2 /* Debug */,
				D0A85210195134AC0004A4A2 /* Release */,
			);
			defaultConfigurationIsVisible = 0;
			defaultConfigurationName = Release;
		};
		D0A85211195134AC0004A4A2 /* Build configuration list for PBXNativeTarget "ZoneHelper" */ = {
			isa = XCConfigurationList;
			buildConfigurations = (
				D0A85212195134AC0004A4A2 /* Debug */,
				D0A85213195134AC0004A4A2 /* Release */,
			);
			defaultConfigurationIsVisible = 0;
			defaultConfigurationName = Release;
		};
		D0A85214195134AC0004A4A2 /* Build configuration list for PBXNativeTarget "ZoneHelperTests" */ = {
			isa = XCConfigurationList;
			buildConfigurations = (
				D0A85215195134AC0004A4A2 /* Debug */,
				D0A85216195134AC0004A4A2 /* Release */,
			);
			defaultConfigurationIsVisible = 0;
			defaultConfigurationName = Release;
		};
/* End XCConfigurationList section */
	};
	rootObject = D0A851ED195134AC0004A4A2 /* Project object */;
}
